
Microsoft Visual Studio Solution File, Format Version 12.00
# Visual Studio Version 17
VisualStudioVersion = 17.3.32929.385
MinimumVisualStudioVersion = 10.0.40219.1
Project("{FAE04EC0-301F-11D3-BF4B-00C04F79EFBC}") = "BlogAppCosmosDBApi", "BlogAppCosmosDBApi\BlogAppCosmosDBApi.csproj", "{CC3A6F83-FC00-4BF6-A104-A21FBC935121}"
EndProject
Global
	GlobalSection(SolutionConfigurationPlatforms) = preSolution
		Debug|Any CPU = Debug|Any CPU
		Release|Any CPU = Release|Any CPU
	EndGlobalSection
	GlobalSection(ProjectConfigurationPlatforms) = postSolution
		{CC3A6F83-FC00-4BF6-A104-A21FBC935121}.Debug|Any CPU.ActiveCfg = Debug|Any CPU
		{CC3A6F83-FC00-4BF6-A104-A21FBC935121}.Debug|Any CPU.Build.0 = Debug|Any CPU
		{CC3A6F83-FC00-4BF6-A104-A21FBC935121}.Release|Any CPU.ActiveCfg = Release|Any CPU
		{CC3A6F83-FC00-4BF6-A104-A21FBC935121}.Release|Any CPU.Build.0 = Release|Any CPU
	EndGlobalSection
	GlobalSection(SolutionProperties) = preSolution
		HideSolutionNode = FALSE
	EndGlobalSection
	GlobalSection(ExtensibilityGlobals) = postSolution
		SolutionGuid = {C580073D-9ECB-4845-958C-5241FD15F47B}
	EndGlobalSection
EndGlobal
